
Microsoft Visual Studio Solution File, Format Version 12.00
# Visual Studio 14
VisualStudioVersion = 14.0.25123.0
MinimumVisualStudioVersion = 10.0.40219.1
Project("{FAE04EC0-301F-11D3-BF4B-00C04F79EFBC}") = "MyLib", "MyLib\MyLib.csproj", "{DE1AA6C4-C849-4B8C-8D9D-680575019287}"
EndProject
Project("{FAE04EC0-301F-11D3-BF4B-00C04F79EFBC}") = "WCFServerConsole", "WCFServerConsole\WCFServerConsole.csproj", "{AF270179-4758-400A-BBA9-49D4C0087B69}"
EndProject
Project("{FAE04EC0-301F-11D3-BF4B-00C04F79EFBC}") = "WCFClientConsole", "WCFClientConsole\WCFClientConsole.csproj", "{12EF258A-A62B-4D9A-BAAF-A6C244ECC607}"
EndProject
Global
	GlobalSection(SolutionConfigurationPlatforms) = preSolution
		Debug|Any CPU = Debug|Any CPU
		Release|Any CPU = Release|Any CPU
	EndGlobalSection
	GlobalSection(ProjectConfigurationPlatforms) = postSolution
		{DE1AA6C4-C849-4B8C-8D9D-680575019287}.Debug|Any CPU.ActiveCfg = Debug|Any CPU
		{DE1AA6C4-C849-4B8C-8D9D-680575019287}.Debug|Any CPU.Build.0 = Debug|Any CPU
		{DE1AA6C4-C849-4B8C-8D9D-680575019287}.Release|Any CPU.ActiveCfg = Release|Any CPU
		{DE1AA6C4-C849-4B8C-8D9D-680575019287}.Release|Any CPU.Build.0 = Release|Any CPU
		{AF270179-4758-400A-BBA9-49D4C0087B69}.Debug|Any CPU.ActiveCfg = Debug|Any CPU
		{AF270179-4758-400A-BBA9-49D4C0087B69}.Debug|Any CPU.Build.0 = Debug|Any CPU
		{AF270179-4758-400A-BBA9-49D4C0087B69}.Release|Any CPU.ActiveCfg = Release|Any CPU
		{AF270179-4758-400A-BBA9-49D4C0087B69}.Release|Any CPU.Build.0 = Release|Any CPU
		{12EF258A-A62B-4D9A-BAAF-A6C244ECC607}.Debug|Any CPU.ActiveCfg = Debug|Any CPU
		{12EF258A-A62B-4D9A-BAAF-A6C244ECC607}.Debug|Any CPU.Build.0 = Debug|Any CPU
		{12EF258A-A62B-4D9A-BAAF-A6C244ECC607}.Release|Any CPU.ActiveCfg = Release|Any CPU
		{12EF258A-A62B-4D9A-BAAF-A6C244ECC607}.Release|Any CPU.Build.0 = Release|Any CPU
	EndGlobalSection
	GlobalSection(SolutionProperties) = preSolution
		HideSolutionNode = FALSE
	EndGlobalSection
EndGlobal
